
Microsoft Visual Studio Solution File, Format Version 12.00
# Visual Studio 15
VisualStudioVersion = 15.0.28307.106
MinimumVisualStudioVersion = 10.0.40219.1
Project("{9A19103F-16F7-4668-BE54-9A1E7A4F7556}") = "ReportService", "ReportService.csproj", "{B240654E-6657-4C39-8AE4-E0EC097F5503}"
EndProject
Global
	GlobalSection(SolutionConfigurationPlatforms) = preSolution
		Debug|Any CPU = Debug|Any CPU
		Release|Any CPU = Release|Any CPU
	EndGlobalSection
	GlobalSection(ProjectConfigurationPlatforms) = postSolution
		{B240654E-6657-4C39-8AE4-E0EC097F5503}.Debug|Any CPU.ActiveCfg = Debug|Any CPU
		{B240654E-6657-4C39-8AE4-E0EC097F5503}.Debug|Any CPU.Build.0 = Debug|Any CPU
		{B240654E-6657-4C39-8AE4-E0EC097F5503}.Release|Any CPU.ActiveCfg = Release|Any CPU
		{B240654E-6657-4C39-8AE4-E0EC097F5503}.Release|Any CPU.Build.0 = Release|Any CPU
	EndGlobalSection
	GlobalSection(SolutionProperties) = preSolution
		HideSolutionNode = FALSE
	EndGlobalSection
	GlobalSection(ExtensibilityGlobals) = postSolution
		SolutionGuid = {C2B34DB8-236A-42EF-8B4E-BA4804ED8389}
	EndGlobalSection
EndGlobal
